// !$*UTF8*$!
{
	archiveVersion = 1;
	classes = {
	};
	objectVersion = 50;
	objects = {

/* Begin PBXBuildFile section */
		D2089F7F21AA812900E745F2 /* AppDelegate.swift in Sources */ = {isa = PBXBuildFile; fileRef = D2089F7E21AA812900E745F2 /* AppDelegate.swift */; };
		D2089F8121AA812900E745F2 /* ViewController.swift in Sources */ = {isa = PBXBuildFile; fileRef = D2089F8021AA812900E745F2 /* ViewController.swift */; };
		D2089F8421AA812900E745F2 /* Main.storyboard in Resources */ = {isa = PBXBuildFile; fileRef = D2089F8221AA812900E745F2 /* Main.storyboard */; };
		D2089F8621AA812C00E745F2 /* Assets.xcassets in Resources */ = {isa = PBXBuildFile; fileRef = D2089F8521AA812C00E745F2 /* Assets.xcassets */; };
		D2089F8921AA812C00E745F2 /* LaunchScreen.storyboard in Resources */ = {isa = PBXBuildFile; fileRef = D2089F8721AA812C00E745F2 /* LaunchScreen.storyboard */; };
		D2089F9121AA82D500E745F2 /* start.txt in Resources */ = {isa = PBXBuildFile; fileRef = D2089F9021AA82D500E745F2 /* start.txt */; };
/* End PBXBuildFile section */

/* Begin PBXFileReference section */
		D2089F7B21AA812900E745F2 /* Word Scrumble.app */ = {isa = PBXFileReference; explicitFileType = wrapper.application; includeInIndex = 0; path = "Word Scrumble.app"; sourceTree = BUILT_PRODUCTS_DIR; };
		D2089F7E21AA812900E745F2 /* AppDelegate.swift */ = {isa = PBXFileReference; lastKnownFileType = sourcecode.swift; path = AppDelegate.swift; sourceTree = "<group>"; };
		D2089F8021AA812900E745F2 /* ViewController.swift */ = {isa = PBXFileReference; lastKnownFileType = sourcecode.swift; path = ViewController.swift; sourceTree = "<group>"; };
		D2089F8321AA812900E745F2 /* Base */ = {isa = PBXFileReference; lastKnownFileType = file.storyboard; name = Base; path = Base.lproj/Main.storyboard; sourceTree = "<group>"; };
		D2089F8521AA812C00E745F2 /* Assets.xcassets */ = {isa = PBXFileReference; lastKnownFileType = folder.assetcatalog; path = Assets.xcassets; sourceTree = "<group>"; };
		D2089F8821AA812C00E745F2 /* Base */ = {isa = PBXFileReference; lastKnownFileType = file.storyboard; name = Base; path = Base.lproj/LaunchScreen.storyboard; sourceTree = "<group>"; };
		D2089F8A21AA812C00E745F2 /* Info.plist */ = {isa = PBXFileReference; lastKnownFileType = text.plist.xml; path = Info.plist; sourceTree = "<group>"; };
		D2089F9021AA82D500E745F2 /* start.txt */ = {isa = PBXFileReference; fileEncoding = 4; lastKnownFileType = text; path = start.txt; sourceTree = "<group>"; };
/* End PBXFileReference section */

/* Begin PBXFrameworksBuildPhase section */
		D2089F7821AA812900E745F2 /* Frameworks */ = {
			isa = PBXFrameworksBuildPhase;
			buildActionMask = 2147483647;
			files = (
			);
			runOnlyForDeploymentPostprocessing = 0;
		};
/* End PBXFrameworksBuildPhase section */

/* Begin PBXGroup section */
		D2089F7221AA812900E745F2 = {
			isa = PBXGroup;
			children = (
				D2089F7D21AA812900E745F2 /* Word Scrumble */,
				D2089F7C21AA812900E745F2 /* Products */,
			);
			sourceTree = "<group>";
		};
		D2089F7C21AA812900E745F2 /* Products */ = {
			isa = PBXGroup;
			children = (
				D2089F7B21AA812900E745F2 /* Word Scrumble.app */,
			);
			name = Products;
			sourceTree = "<group>";
		};
		D2089F7D21AA812900E745F2 /* Word Scrumble */ = {
			isa = PBXGroup;
			children = (
				D2089F9021AA82D500E745F2 /* start.txt */,
				D2089F7E21AA812900E745F2 /* AppDelegate.swift */,
				D2089F8021AA812900E745F2 /* ViewController.swift */,
				D2089F8221AA812900E745F2 /* Main.storyboard */,
				D2089F8521AA812C00E745F2 /* Assets.xcassets */,
				D2089F8721AA812C00E745F2 /* LaunchScreen.storyboard */,
				D2089F8A21AA812C00E745F2 /* Info.plist */,
			);
			path = "Word Scrumble";
			sourceTree = "<group>";
		};
/* End PBXGroup section */

/* Begin PBXNativeTarget section */
		D2089F7A21AA812900E745F2 /* Word Scrumble */ = {
			isa = PBXNativeTarget;
			buildConfigurationList = D2089F8D21AA812C00E745F2 /* Build configuration list for PBXNativeTarget "Word Scrumble" */;
			buildPhases = (
				D2089F7721AA812900E745F2 /* Sources */,
				D2089F7821AA812900E745F2 /* Frameworks */,
				D2089F7921AA812900E745F2 /* Resources */,
			);
			buildRules = (
			);
			dependencies = (
			);
			name = "Word Scrumble";
			productName = "Word Scrumble";
			productReference = D2089F7B21AA812900E745F2 /* Word Scrumble.app */;
			productType = "com.apple.product-type.application";
		};
/* End PBXNativeTarget section */

/* Begin PBXProject section */
		D2089F7321AA812900E745F2 /* Project object */ = {
			isa = PBXProject;
			attributes = {
				LastSwiftUpdateCheck = 1010;
				LastUpgradeCheck = 1010;
				ORGANIZATIONNAME = "Mohamed Alaa El-Din";
				TargetAttributes = {
					D2089F7A21AA812900E745F2 = {
						CreatedOnToolsVersion = 10.1;
					};
				};
			};
			buildConfigurationList = D2089F7621AA812900E745F2 /* Build configuration list for PBXProject "Word Scrumble" */;
			compatibilityVersion = "Xcode 9.3";
			developmentRegion = en;
			hasScannedForEncodings = 0;
			knownRegions = (
				en,
				Base,
			);
			mainGroup = D2089F7221AA812900E745F2;
			productRefGroup = D2089F7C21AA812900E745F2 /* Products */;
			projectDirPath = "";
			projectRoot = "";
			targets = (
				D2089F7A21AA812900E745F2 /* Word Scrumble */,
			);
		};
/* End PBXProject section */

/* Begin PBXResourcesBuildPhase section */
		D2089F7921AA812900E745F2 /* Resources */ = {
			isa = PBXResourcesBuildPhase;
			buildActionMask = 2147483647;
			files = (
				D2089F8921AA812C00E745F2 /* LaunchScreen.storyboard in Resources */,
				D2089F9121AA82D500E745F2 /* start.txt in Resources */,
				D2089F8621AA812C00E745F2 /* Assets.xcassets in Resources */,
				D2089F8421AA812900E745F2 /* Main.storyboard in Resources */,
			);
			runOnlyForDeploymentPostprocessing = 0;
		};
/* End PBXResourcesBuildPhase section */

/* Begin PBXSourcesBuildPhase section */
		D2089F7721AA812900E745F2 /* Sources */ = {
			isa = PBXSourcesBuildPhase;
			buildActionMask = 2147483647;
			files = (
				D2089F8121AA812900E745F2 /* ViewController.swift in Sources */,
				D2089F7F21AA812900E745F2 /* AppDelegate.swift in Sources */,
			);
			runOnlyForDeploymentPostprocessing = 0;
		};
/* End PBXSourcesBuildPhase section */

/* Begin PBXVariantGroup section */
		D2089F8221AA812900E745F2 /* Main.storyboard */ = {
			isa = PBXVariantGroup;
			children = (
				D2089F8321AA812900E745F2 /* Base */,
			);
			name = Main.storyboard;
			sourceTree = "<group>";
		};
		D2089F8721AA812C00E745F2 /* LaunchScreen.storyboard */ = {
			isa = PBXVariantGroup;
			children = (
				D2089F8821AA812C00E745F2 /* Base */,
			);
			name = LaunchScreen.storyboard;
			sourceTree = "<group>";
		};
/* End PBXVariantGroup section */

/* Begin XCBuildConfiguration section */
		D2089F8B21AA812C00E745F2 /* Debug */ = {
			isa = XCBuildConfiguration;
			buildSettings = {
				ALWAYS_SEARCH_USER_PATHS = NO;
				CLANG_ANALYZER_NONNULL = YES;
				CLANG_ANALYZER_NUMBER_OBJECT_CONVERSION = YES_AGGRESSIVE;
				CLANG_CXX_LANGUAGE_STANDARD = "gnu++14";
				CLANG_CXX_LIBRARY = "libc++";
				CLANG_ENABLE_MODULES = YES;
				CLANG_ENABLE_OBJC_ARC = YES;
				CLANG_ENABLE_OBJC_WEAK = YES;
				CLANG_WARN_BLOCK_CAPTURE_AUTORELEASING = YES;
				CLANG_WARN_BOOL_CONVERSION = YES;
				CLANG_WARN_COMMA = YES;
				CLANG_WARN_CONSTANT_CONVERSION = YES;
				CLANG_WARN_DEPRECATED_OBJC_IMPLEMENTATIONS = YES;
				CLANG_WARN_DIRECT_OBJC_ISA_USAGE = YES_ERROR;
				CLANG_WARN_DOCUMENTATION_COMMENTS = YES;
				CLANG_WARN_EMPTY_BODY = YES;
				CLANG_WARN_ENUM_CONVERSION = YES;
				CLANG_WARN_INFINITE_RECURSION = YES;
				CLANG_WARN_INT_CONVERSION = YES;
				CLANG_WARN_NON_LITERAL_NULL_CONVERSION = YES;
				CLANG_WARN_OBJC_IMPLICIT_RETAIN_SELF = YES;
				CLANG_WARN_OBJC_LITERAL_CONVERSION = YES;
				CLANG_WARN_OBJC_ROOT_CLASS = YES_ERROR;
				CLANG_WARN_RANGE_LOOP_ANALYSIS = YES;
				CLANG_WARN_STRICT_PROTOTYPES = YES;
				CLANG_WARN_SUSPICIOUS_MOVE = YES;
				CLANG_WARN_UNGUARDED_AVAILABILITY = YES_AGGRESSIVE;
				CLANG_WARN_UNREACHABLE_CODE = YES;
				CLANG_WARN__DUPLICATE_METHOD_MATCH = YES;
				CODE_SIGN_IDENTITY = "iPhone Developer";
				COPY_PHASE_STRIP = NO;
				DEBUG_INFORMATION_FORMAT = dwarf;
				ENABLE_STRICT_OBJC_MSGSEND = YES;
				ENABLE_TESTABILITY = YES;
				GCC_C_LANGUAGE_STANDARD = gnu11;
				GCC_DYNAMIC_NO_PIC = NO;
				GCC_NO_COMMON_BLOCKS = YES;
				GCC_OPTIMIZATION_LEVEL = 0;
				GCC_PREPROCESSOR_DEFINITIONS = (
					"DEBUG=1",
					"$(inherited)",
				);
				GCC_WARN_64_TO_32_BIT_CONVERSION = YES;
				GCC_WARN_ABOUT_RETURN_TYPE = YES_ERROR;
				GCC_WARN_UNDECLARED_SELECTOR = YES;
				GCC_WARN_UNINITIALIZED_AUTOS = YES_AGGRESSIVE;
				GCC_WARN_UNUSED_FUNCTION = YES;
				GCC_WARN_UNUSED_VARIABLE = YES;
				IPHONEOS_DEPLOYMENT_TARGET = 12.1;
				MTL_ENABLE_DEBUG_INFO = INCLUDE_SOURCE;
				MTL_FAST_MATH = YES;
				ONLY_ACTIVE_ARCH = YES;
				SDKROOT = iphoneos;
				SWIFT_ACTIVE_COMPILATION_CONDITIONS = DEBUG;
				SWIFT_OPTIMIZATION_LEVEL = "-Onone";
			};
			name = Debug;
		};
		D2089F8C21AA812C00E745F2 /* Release */ = {
			isa = XCBuildConfiguration;
			buildSettings = {
				ALWAYS_SEARCH_USER_PATHS = NO;
				CLANG_ANALYZER_NONNULL = YES;
				CLANG_ANALYZER_NUMBER_OBJECT_CONVERSION = YES_AGGRESSIVE;
				CLANG_CXX_LANGUAGE_STANDARD = "gnu++14";
				CLANG_CXX_LIBRARY = "libc++";
				CLANG_ENABLE_MODULES = YES;
				CLANG_ENABLE_OBJC_ARC = YES;
				CLANG_ENABLE_OBJC_WEAK = YES;
				CLANG_WARN_BLOCK_CAPTURE_AUTORELEASING = YES;
				CLANG_WARN_BOOL_CONVERSION = YES;
				CLANG_WARN_COMMA = YES;
				CLANG_WARN_CONSTANT_CONVERSION = YES;
				CLANG_WARN_DEPRECATED_OBJC_IMPLEMENTATIONS = YES;
				CLANG_WARN_DIRECT_OBJC_ISA_USAGE = YES_ERROR;
				CLANG_WARN_DOCUMENTATION_COMMENTS = YES;
				CLANG_WARN_EMPTY_BODY = YES;
				CLANG_WARN_ENUM_CONVERSION = YES;
				CLANG_WARN_INFINITE_RECURSION = YES;
				CLANG_WARN_INT_CONVERSION = YES;
				CLANG_WARN_NON_LITERAL_NULL_CONVERSION = YES;
				CLANG_WARN_OBJC_IMPLICIT_RETAIN_SELF = YES;
				CLANG_WARN_OBJC_LITERAL_CONVERSION = YES;
				CLANG_WARN_OBJC_ROOT_CLASS = YES_ERROR;
				CLANG_WARN_RANGE_LOOP_ANALYSIS = YES;
				CLANG_WARN_STRICT_PROTOTYPES = YES;
				CLANG_WARN_SUSPICIOUS_MOVE = YES;
				CLANG_WARN_UNGUARDED_AVAILABILITY = YES_AGGRESSIVE;
				CLANG_WARN_UNREACHABLE_CODE = YES;
				CLANG_WARN__DUPLICATE_METHOD_MATCH = YES;
				CODE_SIGN_IDENTITY = "iPhone Developer";
				COPY_PHASE_STRIP = NO;
				DEBUG_INFORMATION_FORMAT = "dwarf-with-dsym";
				ENABLE_NS_ASSERTIONS = NO;
				ENABLE_STRICT_OBJC_MSGSEND = YES;
				GCC_C_LANGUAGE_STANDARD = gnu11;
				GCC_NO_COMMON_BLOCKS = YES;
				GCC_WARN_64_TO_32_BIT_CONVERSION = YES;
				GCC_WARN_ABOUT_RETURN_TYPE = YES_ERROR;
				GCC_WARN_UNDECLARED_SELECTOR = YES;
				GCC_WARN_UNINITIALIZED_AUTOS = YES_AGGRESSIVE;
				GCC_WARN_UNUSED_FUNCTION = YES;
				GCC_WARN_UNUSED_VARIABLE = YES;
				IPHONEOS_DEPLOYMENT_TARGET = 12.1;
				MTL_ENABLE_DEBUG_INFO = NO;
				MTL_FAST_MATH = YES;
				SDKROOT = iphoneos;
				SWIFT_COMPILATION_MODE = wholemodule;
				SWIFT_OPTIMIZATION_LEVEL = "-O";
				VALIDATE_PRODUCT = YES;
			};
			name = Release;
		};
		D2089F8E21AA812C00E745F2 /* Debug */ = {
			isa = XCBuildConfiguration;
			buildSettings = {
				ASSETCATALOG_COMPILER_APPICON_NAME = AppIcon;
				CODE_SIGN_STYLE = Automatic;
				INFOPLIST_FILE = "Word Scrumble/Info.plist";
				LD_RUNPATH_SEARCH_PATHS = (
					"$(inherited)",
					"@executable_path/Frameworks",
				);
				PRODUCT_BUNDLE_IDENTIFIER = "com.example.Word-Scrumble";
				PRODUCT_NAME = "$(TARGET_NAME)";
				SWIFT_VERSION = 4.2;
				TARGETED_DEVICE_FAMILY = "1,2";
			};
			name = Debug;
		};
		D2089F8F21AA812C00E745F2 /* Release */ = {
			isa = XCBuildConfiguration;
			buildSettings = {
				ASSETCATALOG_COMPILER_APPICON_NAME = AppIcon;
				CODE_SIGN_STYLE = Automatic;
				INFOPLIST_FILE = "Word Scrumble/Info.plist";
				LD_RUNPATH_SEARCH_PATHS = (
					"$(inherited)",
					"@executable_path/Frameworks",
				);
				PRODUCT_BUNDLE_IDENTIFIER = "com.example.Word-Scrumble";
				PRODUCT_NAME = "$(TARGET_NAME)";
				SWIFT_VERSION = 4.2;
				TARGETED_DEVICE_FAMILY = "1,2";
			};
			name = Release;
		};
/* End XCBuildConfiguration section */

/* Begin XCConfigurationList section */
		D2089F7621AA812900E745F2 /* Build configuration list for PBXProject "Word Scrumble" */ = {
			isa = XCConfigurationList;
			buildConfigurations = (
				D2089F8B21AA812C00E745F2 /* Debug */,
				D2089F8C21AA812C00E745F2 /* Release */,
			);
			defaultConfigurationIsVisible = 0;
			defaultConfigurationName = Release;
		};
		D2089F8D21AA812C00E745F2 /* Build configuration list for PBXNativeTarget "Word Scrumble" */ = {
			isa = XCConfigurationList;
			buildConfigurations = (
				D2089F8E21AA812C00E745F2 /* Debug */,
				D2089F8F21AA812C00E745F2 /* Release */,
			);
			defaultConfigurationIsVisible = 0;
			defaultConfigurationName = Release;
		};
/* End XCConfigurationList section */
	};
	rootObject = D2089F7321AA812900E745F2 /* Project object */;
}
